PODS:
  - checkout_flow_flutter (0.2.0):
    - Flutter
    - Risk (~> 4.0.1)
  - CheckoutEventLoggerKit (1.2.4)
  - FingerprintPro (2.17.2)
  - Flutter (1.0.0)
  - integration_test (0.0.1):
    - Flutter
  - Risk (4.0.1):
    - CheckoutEventLoggerKit (~> 1.2.4)
    - FingerprintPro (< 3.0.0, >= 2.7.0)

DEPENDENCIES:
  - checkout_flow_flutter (from `.symlinks/plugins/checkout_flow_flutter/ios`)
  - Flutter (from `Flutter`)
  - integration_test (from `.symlinks/plugins/integration_test/ios`)

SPEC REPOS:
  trunk:
    - CheckoutEventLoggerKit
    - FingerprintPro
    - Risk

EXTERNAL SOURCES:
  checkout_flow_flutter:
    :path: ".symlinks/plugins/checkout_flow_flutter/ios"
  Flutter:
    :path: Flutter
  integration_test:
    :path: ".symlinks/plugins/integration_test/ios"

SPEC CHECKSUMS:
  checkout_flow_flutter: 4df8aac3e475f3793b857aa380e58b388c496d85
  CheckoutEventLoggerKit: b780dec46295a34942780ea6230d0d5fd08aa05a
  FingerprintPro: 9a703bc7fb00413ffe5624bcbb07b62129f00ab6
  Flutter: cabc95a1d2626b1b06e7179b784ebcf0c0cde467
  integration_test: 4a889634ef21a45d28d50d622cf412dc6d9f586e
  Risk: e8ee31ba847b6cce1d4c384a9bb49d78fc34cdc5

PODFILE CHECKSUM: 53a6aebc29ccee84c41f92f409fc20cd4ca011f1

COCOAPODS: 1.17.0
